
Microsoft Visual Studio Solution File, Format Version 12.00
# Visual Studio Version 16
VisualStudioVersion = 16.0.30225.117
MinimumVisualStudioVersion = 10.0.40219.1
Project("{FAE04EC0-301F-11D3-BF4B-00C04F79EFBC}") = "TVHeadEndM3USync", "TVHeadEndM3USync.csproj", "{A094F73C-1317-4F91-AD94-5358DEC731A8}"
EndProject
Global
	GlobalSection(SolutionConfigurationPlatforms) = preSolution
		Debug|Any CPU = Debug|Any CPU
		Release|Any CPU = Release|Any CPU
	EndGlobalSection
	GlobalSection(ProjectConfigurationPlatforms) = postSolution
		{A094F73C-1317-4F91-AD94-5358DEC731A8}.Debug|Any CPU.ActiveCfg = Debug|Any CPU
		{A094F73C-1317-4F91-AD94-5358DEC731A8}.Debug|Any CPU.Build.0 = Debug|Any CPU
		{A094F73C-1317-4F91-AD94-5358DEC731A8}.Release|Any CPU.ActiveCfg = Release|Any CPU
		{A094F73C-1317-4F91-AD94-5358DEC731A8}.Release|Any CPU.Build.0 = Release|Any CPU
	EndGlobalSection
	GlobalSection(SolutionProperties) = preSolution
		HideSolutionNode = FALSE
	EndGlobalSection
	GlobalSection(ExtensibilityGlobals) = postSolution
		SolutionGuid = {A0CFFE68-4790-4ED7-AF9A-9C387AE35946}
	EndGlobalSection
EndGlobal
